
Microsoft Visual Studio Solution File, Format Version 12.00
# Visual Studio Version 17
VisualStudioVersion = 17.4.33103.184
MinimumVisualStudioVersion = 10.0.40219.1
Project("{9A19103F-16F7-4668-BE54-9A1E7A4F7556}") = "Portifolio.API", "Portifolio.API\Portifolio.API.csproj", "{32C4121B-8F94-410E-95D1-B242FEDC024A}"
EndProject
Project("{FAE04EC0-301F-11D3-BF4B-00C04F79EFBC}") = "Portifolio.Domain", "Portifolio.Domain\Portifolio.Domain.csproj", "{BA7A0234-B772-47A9-B3F1-611F5E742450}"
EndProject
Project("{FAE04EC0-301F-11D3-BF4B-00C04F79EFBC}") = "Portifolio.Persistence", "Portifolio.Persistence\Portifolio.Persistence.csproj", "{313BC870-C721-412F-8821-C81A0C8251CA}"
EndProject
Global
	GlobalSection(SolutionConfigurationPlatforms) = preSolution
		Debug|Any CPU = Debug|Any CPU
		Release|Any CPU = Release|Any CPU
	EndGlobalSection
	GlobalSection(ProjectConfigurationPlatforms) = postSolution
		{32C4121B-8F94-410E-95D1-B242FEDC024A}.Debug|Any CPU.ActiveCfg = Debug|Any CPU
		{32C4121B-8F94-410E-95D1-B242FEDC024A}.Debug|Any CPU.Build.0 = Debug|Any CPU
		{32C4121B-8F94-410E-95D1-B242FEDC024A}.Release|Any CPU.ActiveCfg = Release|Any CPU
		{32C4121B-8F94-410E-95D1-B242FEDC024A}.Release|Any CPU.Build.0 = Release|Any CPU
		{BA7A0234-B772-47A9-B3F1-611F5E742450}.Debug|Any CPU.ActiveCfg = Debug|Any CPU
		{BA7A0234-B772-47A9-B3F1-611F5E742450}.Debug|Any CPU.Build.0 = Debug|Any CPU
		{BA7A0234-B772-47A9-B3F1-611F5E742450}.Release|Any CPU.ActiveCfg = Release|Any CPU
		{BA7A0234-B772-47A9-B3F1-611F5E742450}.Release|Any CPU.Build.0 = Release|Any CPU
		{313BC870-C721-412F-8821-C81A0C8251CA}.Debug|Any CPU.ActiveCfg = Debug|Any CPU
		{313BC870-C721-412F-8821-C81A0C8251CA}.Debug|Any CPU.Build.0 = Debug|Any CPU
		{313BC870-C721-412F-8821-C81A0C8251CA}.Release|Any CPU.ActiveCfg = Release|Any CPU
		{313BC870-C721-412F-8821-C81A0C8251CA}.Release|Any CPU.Build.0 = Release|Any CPU
	EndGlobalSection
	GlobalSection(SolutionProperties) = preSolution
		HideSolutionNode = FALSE
	EndGlobalSection
	GlobalSection(ExtensibilityGlobals) = postSolution
		SolutionGuid = {AC92F1B5-50DB-4FE1-BB18-6D220CF2A1DD}
	EndGlobalSection
EndGlobal
